
Microsoft Visual Studio Solution File, Format Version 12.00
Project("{FAE04EC0-301F-11D3-BF4B-00C04F79EFBC}") = "RPQ", "RPQ\RPQ.csproj", "{B6966D0B-5566-45A3-A31B-2A4DEF82297F}"
EndProject
Project("{FAE04EC0-301F-11D3-BF4B-00C04F79EFBC}") = "RPQTests", "RPQTests\RPQTests.csproj", "{5856D37A-1388-4F36-9370-2273A9B7CDEE}"
EndProject
Global
	GlobalSection(SolutionConfigurationPlatforms) = preSolution
		Debug|Any CPU = Debug|Any CPU
		Release|Any CPU = Release|Any CPU
	EndGlobalSection
	GlobalSection(ProjectConfigurationPlatforms) = postSolution
		{B6966D0B-5566-45A3-A31B-2A4DEF82297F}.Debug|Any CPU.ActiveCfg = Debug|Any CPU
		{B6966D0B-5566-45A3-A31B-2A4DEF82297F}.Debug|Any CPU.Build.0 = Debug|Any CPU
		{B6966D0B-5566-45A3-A31B-2A4DEF82297F}.Release|Any CPU.ActiveCfg = Release|Any CPU
		{B6966D0B-5566-45A3-A31B-2A4DEF82297F}.Release|Any CPU.Build.0 = Release|Any CPU
		{5856D37A-1388-4F36-9370-2273A9B7CDEE}.Debug|Any CPU.ActiveCfg = Debug|Any CPU
		{5856D37A-1388-4F36-9370-2273A9B7CDEE}.Debug|Any CPU.Build.0 = Debug|Any CPU
		{5856D37A-1388-4F36-9370-2273A9B7CDEE}.Release|Any CPU.ActiveCfg = Release|Any CPU
		{5856D37A-1388-4F36-9370-2273A9B7CDEE}.Release|Any CPU.Build.0 = Release|Any CPU
	EndGlobalSection
EndGlobal
